{
  "requires": true,
  "lockfileVersion": 1,
  "dependencies": {
    "camelcase": {
      "version": "5.3.1",
      "resolved": "https://registry.npmjs.org/camelcase/-/camelcase-5.3.1.tgz",
      "integrity": "sha512-L28STB170nwWS63UjtlEOE3dldQApaJXZkOI1uMFfzf3rRuPegHaHesyee+YxQ+W6SvRDQV6UrdOdRiR153wJg=="
    },
    "react-icons": {
      "version": "3.9.0",
      "resolved": "https://registry.npmjs.org/react-icons/-/react-icons-3.9.0.tgz",
      "integrity": "sha512-gKbYKR+4QsD3PmIHLAM9TDDpnaTsr3XZeK1NTAb6WQQ+gxEdJ0xuCgLq0pxXdS7Utg2AIpcVhM1ut/jlDhcyNg==",
      "requires": {
        "camelcase": "^5.0.0"
      }
    }
  }
}
